
Microsoft Visual Studio Solution File, Format Version 12.00
# Visual Studio Version 16
VisualStudioVersion = 16.0.29905.134
MinimumVisualStudioVersion = 10.0.40219.1
Project("{8BC9CEB8-8B4A-11D0-8D11-00A0C91BC942}") = "algorithm", "algorithm.vcxproj", "{B58E526B-ABE0-4650-9F4F-CDB75D558839}"
EndProject
Global
	GlobalSection(SolutionConfigurationPlatforms) = preSolution
		Debug|x64 = Debug|x64
		Debug|x86 = Debug|x86
		Release|x64 = Release|x64
		Release|x86 = Release|x86
	EndGlobalSection
	GlobalSection(ProjectConfigurationPlatforms) = postSolution
		{B58E526B-ABE0-4650-9F4F-CDB75D558839}.Debug|x64.ActiveCfg = Debug|x64
		{B58E526B-ABE0-4650-9F4F-CDB75D558839}.Debug|x64.Build.0 = Debug|x64
		{B58E526B-ABE0-4650-9F4F-CDB75D558839}.Debug|x86.ActiveCfg = Debug|Win32
		{B58E526B-ABE0-4650-9F4F-CDB75D558839}.Debug|x86.Build.0 = Debug|Win32
		{B58E526B-ABE0-4650-9F4F-CDB75D558839}.Release|x64.ActiveCfg = Release|x64
		{B58E526B-ABE0-4650-9F4F-CDB75D558839}.Release|x64.Build.0 = Release|x64
		{B58E526B-ABE0-4650-9F4F-CDB75D558839}.Release|x86.ActiveCfg = Release|Win32
		{B58E526B-ABE0-4650-9F4F-CDB75D558839}.Release|x86.Build.0 = Release|Win32
	EndGlobalSection
	GlobalSection(SolutionProperties) = preSolution
		HideSolutionNode = FALSE
	EndGlobalSection
	GlobalSection(ExtensibilityGlobals) = postSolution
		SolutionGuid = {4F4F4004-AB2A-4CB0-9F26-F3868E5372FE}
	EndGlobalSection
EndGlobal
